// !$*UTF8*$!
{
	archiveVersion = 1;
	classes = {
	};
	objectVersion = 46;
	objects = {

/* Begin PBXBuildFile section */
		0A0369921C24C7CB00626D9B /* main.m in Sources */ = {isa = PBXBuildFile; fileRef = 0A0369911C24C7CB00626D9B /* main.m */; };
		0A0369951C24C7CB00626D9B /* AppDelegate.m in Sources */ = {isa = PBXBuildFile; fileRef = 0A0369941C24C7CB00626D9B /* AppDelegate.m */; };
		0A0369981C24C7CB00626D9B /* ViewController.m in Sources */ = {isa = PBXBuildFile; fileRef = 0A0369971C24C7CB00626D9B /* ViewController.m */; };
		0A03699B1C24C7CB00626D9B /* Main.storyboard in Resources */ = {isa = PBXBuildFile; fileRef = 0A0369991C24C7CB00626D9B /* Main.storyboard */; };
		0A03699D1C24C7CB00626D9B /* Images.xcassets in Resources */ = {isa = PBXBuildFile; fileRef = 0A03699C1C24C7CB00626D9B /* Images.xcassets */; };
		0A0369A01C24C7CB00626D9B /* LaunchScreen.xib in Resources */ = {isa = PBXBuildFile; fileRef = 0A03699E1C24C7CB00626D9B /* LaunchScreen.xib */; };
		0A0369AC1C24C7CB00626D9B /* QuizTests.m in Sources */ = {isa = PBXBuildFile; fileRef = 0A0369AB1C24C7CB00626D9B /* QuizTests.m */; };
/* End PBXBuildFile section */

/* Begin PBXContainerItemProxy section */
		0A0369A61C24C7CB00626D9B /* PBXContainerItemProxy */ = {
			isa = PBXContainerItemProxy;
			containerPortal = 0A0369841C24C7CA00626D9B /* Project object */;
			proxyType = 1;
			remoteGlobalIDString = 0A03698B1C24C7CA00626D9B;
			remoteInfo = Quiz;
		};
/* End PBXContainerItemProxy section */

/* Begin PBXFileReference section */
		0A03698C1C24C7CB00626D9B /* Quiz.app */ = {isa = PBXFileReference; explicitFileType = wrapper.application; includeInIndex = 0; path = Quiz.app; sourceTree = BUILT_PRODUCTS_DIR; };
		0A0369901C24C7CB00626D9B /* Info.plist */ = {isa = PBXFileReference; lastKnownFileType = text.plist.xml; path = Info.plist; sourceTree = "<group>"; };
		0A0369911C24C7CB00626D9B /* main.m */ = {isa = PBXFileReference; lastKnownFileType = sourcecode.c.objc; path = main.m; sourceTree = "<group>"; };
		0A0369931C24C7CB00626D9B /* AppDelegate.h */ = {isa = PBXFileReference; lastKnownFileType = sourcecode.c.h; path = AppDelegate.h; sourceTree = "<group>"; };
		0A0369941C24C7CB00626D9B /* AppDelegate.m */ = {isa = PBXFileReference; lastKnownFileType = sourcecode.c.objc; path = AppDelegate.m; sourceTree = "<group>"; };
		0A0369961C24C7CB00626D9B /* ViewController.h */ = {isa = PBXFileReference; lastKnownFileType = sourcecode.c.h; path = ViewController.h; sourceTree = "<group>"; };
		0A0369971C24C7CB00626D9B /* ViewController.m */ = {isa = PBXFileReference; lastKnownFileType = sourcecode.c.objc; path = ViewController.m; sourceTree = "<group>"; };
		0A03699A1C24C7CB00626D9B /* Base */ = {isa = PBXFileReference; lastKnownFileType = file.storyboard; name = Base; path = Base.lproj/Main.storyboard; sourceTree = "<group>"; };
		0A03699C1C24C7CB00626D9B /* Images.xcassets */ = {isa = PBXFileReference; lastKnownFileType = folder.assetcatalog; path = Images.xcassets; sourceTree = "<group>"; };
		0A03699F1C24C7CB00626D9B /* Base */ = {isa = PBXFileReference; lastKnownFileType = file.xib; name = Base; path = Base.lproj/LaunchScreen.xib; sourceTree = "<group>"; };
		0A0369A51C24C7CB00626D9B /* QuizTests.xctest */ = {isa = PBXFileReference; explicitFileType = wrapper.cfbundle; includeInIndex = 0; path = QuizTests.xctest; sourceTree = BUILT_PRODUCTS_DIR; };
		0A0369AA1C24C7CB00626D9B /* Info.plist */ = {isa = PBXFileReference; lastKnownFileType = text.plist.xml; path = Info.plist; sourceTree = "<group>"; };
		0A0369AB1C24C7CB00626D9B /* QuizTests.m */ = {isa = PBXFileReference; lastKnownFileType = sourcecode.c.objc; path = QuizTests.m; sourceTree = "<group>"; };
/* End PBXFileReference section */

/* Begin PBXFrameworksBuildPhase section */
		0A0369891C24C7CA00626D9B /* Frameworks */ = {
			isa = PBXFrameworksBuildPhase;
			buildActionMask = 2147483647;
			files = (
			);
			runOnlyForDeploymentPostprocessing = 0;
		};
		0A0369A21C24C7CB00626D9B /* Frameworks */ = {
			isa = PBXFrameworksBuildPhase;
			buildActionMask = 2147483647;
			files = (
			);
			runOnlyForDeploymentPostprocessing = 0;
		};
/* End PBXFrameworksBuildPhase section */

/* Begin PBXGroup section */
		0A0369831C24C7CA00626D9B = {
			isa = PBXGroup;
			children = (
				0A03698E1C24C7CB00626D9B /* Quiz */,
				0A0369A81C24C7CB00626D9B /* QuizTests */,
				0A03698D1C24C7CB00626D9B /* Products */,
			);
			sourceTree = "<group>";
		};
		0A03698D1C24C7CB00626D9B /* Products */ = {
			isa = PBXGroup;
			children = (
				0A03698C1C24C7CB00626D9B /* Quiz.app */,
				0A0369A51C24C7CB00626D9B /* QuizTests.xctest */,
			);
			name = Products;
			sourceTree = "<group>";
		};
		0A03698E1C24C7CB00626D9B /* Quiz */ = {
			isa = PBXGroup;
			children = (
				0A0369931C24C7CB00626D9B /* AppDelegate.h */,
				0A0369941C24C7CB00626D9B /* AppDelegate.m */,
				0A0369961C24C7CB00626D9B /* ViewController.h */,
				0A0369971C24C7CB00626D9B /* ViewController.m */,
				0A0369991C24C7CB00626D9B /* Main.storyboard */,
				0A03699C1C24C7CB00626D9B /* Images.xcassets */,
				0A03699E1C24C7CB00626D9B /* LaunchScreen.xib */,
				0A03698F1C24C7CB00626D9B /* Supporting Files */,
			);
			path = Quiz;
			sourceTree = "<group>";
		};
		0A03698F1C24C7CB00626D9B /* Supporting Files */ = {
			isa = PBXGroup;
			children = (
				0A0369901C24C7CB00626D9B /* Info.plist */,
				0A0369911C24C7CB00626D9B /* main.m */,
			);
			name = "Supporting Files";
			sourceTree = "<group>";
		};
		0A0369A81C24C7CB00626D9B /* QuizTests */ = {
			isa = PBXGroup;
			children = (
				0A0369AB1C24C7CB00626D9B /* QuizTests.m */,
				0A0369A91C24C7CB00626D9B /* Supporting Files */,
			);
			path = QuizTests;
			sourceTree = "<group>";
		};
		0A0369A91C24C7CB00626D9B /* Supporting Files */ = {
			isa = PBXGroup;
			children = (
				0A0369AA1C24C7CB00626D9B /* Info.plist */,
			);
			name = "Supporting Files";
			sourceTree = "<group>";
		};
/* End PBXGroup section */

/* Begin PBXNativeTarget section */
		0A03698B1C24C7CA00626D9B /* Quiz */ = {
			isa = PBXNativeTarget;
			buildConfigurationList = 0A0369AF1C24C7CB00626D9B /* Build configuration list for PBXNativeTarget "Quiz" */;
			buildPhases = (
				0A0369881C24C7CA00626D9B /* Sources */,
				0A0369891C24C7CA00626D9B /* Frameworks */,
				0A03698A1C24C7CA00626D9B /* Resources */,
			);
			buildRules = (
			);
			dependencies = (
			);
			name = Quiz;
			productName = Quiz;
			productReference = 0A03698C1C24C7CB00626D9B /* Quiz.app */;
			productType = "com.apple.product-type.application";
		};
		0A0369A41C24C7CB00626D9B /* QuizTests */ = {
			isa = PBXNativeTarget;
			buildConfigurationList = 0A0369B21C24C7CB00626D9B /* Build configuration list for PBXNativeTarget "QuizTests" */;
			buildPhases = (
				0A0369A11C24C7CB00626D9B /* Sources */,
				0A0369A21C24C7CB00626D9B /* Frameworks */,
				0A0369A31C24C7CB00626D9B /* Resources */,
			);
			buildRules = (
			);
			dependencies = (
				0A0369A71C24C7CB00626D9B /* PBXTargetDependency */,
			);
			name = QuizTests;
			productName = QuizTests;
			productReference = 0A0369A51C24C7CB00626D9B /* QuizTests.xctest */;
			productType = "com.apple.product-type.bundle.unit-test";
		};
/* End PBXNativeTarget section */

/* Begin PBXProject section */
		0A0369841C24C7CA00626D9B /* Project object */ = {
			isa = PBXProject;
			attributes = {
				LastUpgradeCheck = 0630;
				ORGANIZATIONNAME = XuJian;
				TargetAttributes = {
					0A03698B1C24C7CA00626D9B = {
						CreatedOnToolsVersion = 6.3.1;
					};
					0A0369A41C24C7CB00626D9B = {
						CreatedOnToolsVersion = 6.3.1;
						TestTargetID = 0A03698B1C24C7CA00626D9B;
					};
				};
			};
			buildConfigurationList = 0A0369871C24C7CA00626D9B /* Build configuration list for PBXProject "Quiz" */;
			compatibilityVersion = "Xcode 3.2";
			developmentRegion = English;
			hasScannedForEncodings = 0;
			knownRegions = (
				en,
				Base,
			);
			mainGroup = 0A0369831C24C7CA00626D9B;
			productRefGroup = 0A03698D1C24C7CB00626D9B /* Products */;
			projectDirPath = "";
			projectRoot = "";
			targets = (
				0A03698B1C24C7CA00626D9B /* Quiz */,
				0A0369A41C24C7CB00626D9B /* QuizTests */,
			);
		};
/* End PBXProject section */

/* Begin PBXResourcesBuildPhase section */
		0A03698A1C24C7CA00626D9B /* Resources */ = {
			isa = PBXResourcesBuildPhase;
			buildActionMask = 2147483647;
			files = (
				0A03699B1C24C7CB00626D9B /* Main.storyboard in Resources */,
				0A0369A01C24C7CB00626D9B /* LaunchScreen.xib in Resources */,
				0A03699D1C24C7CB00626D9B /* Images.xcassets in Resources */,
			);
			runOnlyForDeploymentPostprocessing = 0;
		};
		0A0369A31C24C7CB00626D9B /* Resources */ = {
			isa = PBXResourcesBuildPhase;
			buildActionMask = 2147483647;
			files = (
			);
			runOnlyForDeploymentPostprocessing = 0;
		};
/* End PBXResourcesBuildPhase section */

/* Begin PBXSourcesBuildPhase section */
		0A0369881C24C7CA00626D9B /* Sources */ = {
			isa = PBXSourcesBuildPhase;
			buildActionMask = 2147483647;
			files = (
				0A0369981C24C7CB00626D9B /* ViewController.m in Sources */,
				0A0369951C24C7CB00626D9B /* AppDelegate.m in Sources */,
				0A0369921C24C7CB00626D9B /* main.m in Sources */,
			);
			runOnlyForDeploymentPostprocessing = 0;
		};
		0A0369A11C24C7CB00626D9B /* Sources */ = {
			isa = PBXSourcesBuildPhase;
			buildActionMask = 2147483647;
			files = (
				0A0369AC1C24C7CB00626D9B /* QuizTests.m in Sources */,
			);
			runOnlyForDeploymentPostprocessing = 0;
		};
/* End PBXSourcesBuildPhase section */

/* Begin PBXTargetDependency section */
		0A0369A71C24C7CB00626D9B /* PBXTargetDependency */ = {
			isa = PBXTargetDependency;
			target = 0A03698B1C24C7CA00626D9B /* Quiz */;
			targetProxy = 0A0369A61C24C7CB00626D9B /* PBXContainerItemProxy */;
		};
/* End PBXTargetDependency section */

/* Begin PBXVariantGroup section */
		0A0369991C24C7CB00626D9B /* Main.storyboard */ = {
			isa = PBXVariantGroup;
			children = (
				0A03699A1C24C7CB00626D9B /* Base */,
			);
			name = Main.storyboard;
			sourceTree = "<group>";
		};
		0A03699E1C24C7CB00626D9B /* LaunchScreen.xib */ = {
			isa = PBXVariantGroup;
			children = (
				0A03699F1C24C7CB00626D9B /* Base */,
			);
			name = LaunchScreen.xib;
			sourceTree = "<group>";
		};
/* End PBXVariantGroup section */

/* Begin XCBuildConfiguration section */
		0A0369AD1C24C7CB00626D9B /* Debug */ = {
			isa = XCBuildConfiguration;
			buildSettings = {
				ALWAYS_SEARCH_USER_PATHS = NO;
				CLANG_CXX_LANGUAGE_STANDARD = "gnu++0x";
				CLANG_CXX_LIBRARY = "libc++";
				CLANG_ENABLE_MODULES = YES;
				CLANG_ENABLE_OBJC_ARC = YES;
				CLANG_WARN_BOOL_CONVERSION = YES;
				CLANG_WARN_CONSTANT_CONVERSION = YES;
				CLANG_WARN_DIRECT_OBJC_ISA_USAGE = YES_ERROR;
				CLANG_WARN_EMPTY_BODY = YES;
				CLANG_WARN_ENUM_CONVERSION = YES;
				CLANG_WARN_INT_CONVERSION = YES;
				CLANG_WARN_OBJC_ROOT_CLASS = YES_ERROR;
				CLANG_WARN_UNREACHABLE_CODE = YES;
				CLANG_WARN__DUPLICATE_METHOD_MATCH = YES;
				"CODE_SIGN_IDENTITY[sdk=iphoneos*]" = "iPhone Developer";
				COPY_PHASE_STRIP = NO;
				DEBUG_INFORMATION_FORMAT = "dwarf-with-dsym";
				ENABLE_STRICT_OBJC_MSGSEND = YES;
				GCC_C_LANGUAGE_STANDARD = gnu99;
				GCC_DYNAMIC_NO_PIC = NO;
				GCC_NO_COMMON_BLOCKS = YES;
				GCC_OPTIMIZATION_LEVEL = 0;
				GCC_PREPROCESSOR_DEFINITIONS = (
					"DEBUG=1",
					"$(inherited)",
				);
				GCC_SYMBOLS_PRIVATE_EXTERN = NO;
				GCC_WARN_64_TO_32_BIT_CONVERSION = YES;
				GCC_WARN_ABOUT_RETURN_TYPE = YES_ERROR;
				GCC_WARN_UNDECLARED_SELECTOR = YES;
				GCC_WARN_UNINITIALIZED_AUTOS = YES_AGGRESSIVE;
				GCC_WARN_UNUSED_FUNCTION = YES;
				GCC_WARN_UNUSED_VARIABLE = YES;
				IPHONEOS_DEPLOYMENT_TARGET = 8.3;
				MTL_ENABLE_DEBUG_INFO = YES;
				ONLY_ACTIVE_ARCH = YES;
				SDKROOT = iphoneos;
				TARGETED_DEVICE_FAMILY = "1,2";
			};
			name = Debug;
		};
		0A0369AE1C24C7CB00626D9B /* Release */ = {
			isa = XCBuildConfiguration;
			buildSettings = {
				ALWAYS_SEARCH_USER_PATHS = NO;
				CLANG_CXX_LANGUAGE_STANDARD = "gnu++0x";
				CLANG_CXX_LIBRARY = "libc++";
				CLANG_ENABLE_MODULES = YES;
				CLANG_ENABLE_OBJC_ARC = YES;
				CLANG_WARN_BOOL_CONVERSION = YES;
				CLANG_WARN_CONSTANT_CONVERSION = YES;
				CLANG_WARN_DIRECT_OBJC_ISA_USAGE = YES_ERROR;
				CLANG_WARN_EMPTY_BODY = YES;
				CLANG_WARN_ENUM_CONVERSION = YES;
				CLANG_WARN_INT_CONVERSION = YES;
				CLANG_WARN_OBJC_ROOT_CLASS = YES_ERROR;
				CLANG_WARN_UNREACHABLE_CODE = YES;
				CLANG_WARN__DUPLICATE_METHOD_MATCH = YES;
				"CODE_SIGN_IDENTITY[sdk=iphoneos*]" = "iPhone Developer";
				COPY_PHASE_STRIP = NO;
				DEBUG_INFORMATION_FORMAT = "dwarf-with-dsym";
				ENABLE_NS_ASSERTIONS = NO;
				ENABLE_STRICT_OBJC_MSGSEND = YES;
				GCC_C_LANGUAGE_STANDARD = gnu99;
				GCC_NO_COMMON_BLOCKS = YES;
				GCC_WARN_64_TO_32_BIT_CONVERSION = YES;
				GCC_WARN_ABOUT_RETURN_TYPE = YES_ERROR;
				GCC_WARN_UNDECLARED_SELECTOR = YES;
				GCC_WARN_UNINITIALIZED_AUTOS = YES_AGGRESSIVE;
				GCC_WARN_UNUSED_FUNCTION = YES;
				GCC_WARN_UNUSED_VARIABLE = YES;
				IPHONEOS_DEPLOYMENT_TARGET = 8.3;
				MTL_ENABLE_DEBUG_INFO = NO;
				SDKROOT = iphoneos;
				TARGETED_DEVICE_FAMILY = "1,2";
				VALIDATE_PRODUCT = YES;
			};
			name = Release;
		};
		0A0369B01C24C7CB00626D9B /* Debug */ = {
			isa = XCBuildConfiguration;
			buildSettings = {
				ASSETCATALOG_COMPILER_APPICON_NAME = AppIcon;
				INFOPLIST_FILE = Quiz/Info.plist;
				LD_RUNPATH_SEARCH_PATHS = "$(inherited) @executable_path/Frameworks";
				PRODUCT_NAME = "$(TARGET_NAME)";
			};
			name = Debug;
		};
		0A0369B11C24C7CB00626D9B /* Release */ = {
			isa = XCBuildConfiguration;
			buildSettings = {
				ASSETCATALOG_COMPILER_APPICON_NAME = AppIcon;
				INFOPLIST_FILE = Quiz/Info.plist;
				LD_RUNPATH_SEARCH_PATHS = "$(inherited) @executable_path/Frameworks";
				PRODUCT_NAME = "$(TARGET_NAME)";
			};
			name = Release;
		};
		0A0369B31C24C7CB00626D9B /* Debug */ = {
			isa = XCBuildConfiguration;
			buildSettings = {
				BUNDLE_LOADER = "$(TEST_HOST)";
				FRAMEWORK_SEARCH_PATHS = (
					"$(SDKROOT)/Developer/Library/Frameworks",
					"$(inherited)",
				);
				GCC_PREPROCESSOR_DEFINITIONS = (
					"DEBUG=1",
					"$(inherited)",
				);
				INFOPLIST_FILE = QuizTests/Info.plist;
				LD_RUNPATH_SEARCH_PATHS = "$(inherited) @executable_path/Frameworks @loader_path/Frameworks";
				PRODUCT_NAME = "$(TARGET_NAME)";
				TEST_HOST = "$(BUILT_PRODUCTS_DIR)/Quiz.app/Quiz";
			};
			name = Debug;
		};
		0A0369B41C24C7CB00626D9B /* Release */ = {
			isa = XCBuildConfiguration;
			buildSettings = {
				BUNDLE_LOADER = "$(TEST_HOST)";
				FRAMEWORK_SEARCH_PATHS = (
					"$(SDKROOT)/Developer/Library/Frameworks",
					"$(inherited)",
				);
				INFOPLIST_FILE = QuizTests/Info.plist;
				LD_RUNPATH_SEARCH_PATHS = "$(inherited) @executable_path/Frameworks @loader_path/Frameworks";
				PRODUCT_NAME = "$(TARGET_NAME)";
				TEST_HOST = "$(BUILT_PRODUCTS_DIR)/Quiz.app/Quiz";
			};
			name = Release;
		};
/* End XCBuildConfiguration section */

/* Begin XCConfigurationList section */
		0A0369871C24C7CA00626D9B /* Build configuration list for PBXProject "Quiz" */ = {
			isa = XCConfigurationList;
			buildConfigurations = (
				0A0369AD1C24C7CB00626D9B /* Debug */,
				0A0369AE1C24C7CB00626D9B /* Release */,
			);
			defaultConfigurationIsVisible = 0;
			defaultConfigurationName = Release;
		};
		0A0369AF1C24C7CB00626D9B /* Build configuration list for PBXNativeTarget "Quiz" */ = {
			isa = XCConfigurationList;
			buildConfigurations = (
				0A0369B01C24C7CB00626D9B /* Debug */,
				0A0369B11C24C7CB00626D9B /* Release */,
			);
			defaultConfigurationIsVisible = 0;
		};
		0A0369B21C24C7CB00626D9B /* Build configuration list for PBXNativeTarget "QuizTests" */ = {
			isa = XCConfigurationList;
			buildConfigurations = (
				0A0369B31C24C7CB00626D9B /* Debug */,
				0A0369B41C24C7CB00626D9B /* Release */,
			);
			defaultConfigurationIsVisible = 0;
		};
/* End XCConfigurationList section */
	};
	rootObject = 0A0369841C24C7CA00626D9B /* Project object */;
}
